{
  "name": "cpu-memory-to-azure-iot-sender",
  "version": "1.0.0",
  "lockfileVersion": 1,
  "requires": true,
  "dependencies": {
    "node-os-utils": {
      "version": "1.0.7",
      "resolved": "https://registry.npmjs.org/node-os-utils/-/node-os-utils-1.0.7.tgz",
      "integrity": "sha1-Q6+sBpSwTRRoIN8EkEWPzdBxBAM="
    }
  }
}
